Version: 1 

Orient: R90
Pad: CORNER0          NW  CORNERD
Pad: ipad_clk         N   
Pad: ipad_rst_n       N    
Pad: ipad_valid_i     N   
Pad: ipad_x_r_0       N    
Pad: ipad_CoreVDD1    N   VCCKD
Pad: ipad_CoreVSS1    N   GNDKD
Pad: ipad_x_r_1       N
Pad: ipad_x_r_2       N
Pad: ipad_x_r_3       N
Pad: ipad_x_r_4       N  

Orient: R0 
Pad: CORNER1          NE  CORNERD
Pad: ipad_x_r_5       W   
Pad: ipad_x_r_6       W   
Pad: ipad_x_r_7       W   
Pad: ipad_x_r_8       W     
Pad: ipad_IOVDD1      W   VCC3IOD
Pad: ipad_IOVSS1      W   GNDIOD
Pad: ipad_x_r_9       W   
Pad: ipad_x_r_10      W    
Pad: ipad_finish      W   
Pad: ipad_answer_0    W   

Orient: R180
Pad: CORNER2          SW  CORNERD
Pad: ipad_answer_1    S   
Pad: ipad_answer_2    S   
Pad: ipad_answer_3    S   
Pad: ipad_answer_4    S   
Pad: ipad_CoreVSS2    S   GNDKD
Pad: ipad_CoreVDD2    S   VCCKD
Pad: ipad_answer_5    S   
Pad: ipad_answer_6    S   
Pad: ipad_answer_7    S   
Pad: ipad_answer_8    S  

Orient: R270
Pad: CORNER3          SE  CORNERD
Pad: ipad_answer_9    E   
Pad: ipad_answer_10   E   
Pad: ipad_answer_11   E   
Pad: ipad_answer_12   E    
Pad: ipad_IOVDD2      E   VCC3IOD
Pad: ipad_IOVSS2      E   GNDIOD
Pad: ipad_answer_13   E   
Pad: ipad_answer_14   E    
Pad: ipad_answer_15   E   
Pad: ipad_answer_16   E   



